
Microsoft Visual Studio Solution File, Format Version 12.00
# Visual Studio Version 16
VisualStudioVersion = 16.0.31410.357
MinimumVisualStudioVersion = 10.0.40219.1
Project("{FAE04EC0-301F-11D3-BF4B-00C04F79EFBC}") = "ChainResponsibilityDemo", "ChainResponsibilityDemo.csproj", "{D59B302D-81C6-4C2D-B529-18015DFCD175}"
EndProject
Global
	GlobalSection(SolutionConfigurationPlatforms) = preSolution
		Debug|Any CPU = Debug|Any CPU
		Release|Any CPU = Release|Any CPU
	EndGlobalSection
	GlobalSection(ProjectConfigurationPlatforms) = postSolution
		{D59B302D-81C6-4C2D-B529-18015DFCD175}.Debug|Any CPU.ActiveCfg = Debug|Any CPU
		{D59B302D-81C6-4C2D-B529-18015DFCD175}.Debug|Any CPU.Build.0 = Debug|Any CPU
		{D59B302D-81C6-4C2D-B529-18015DFCD175}.Release|Any CPU.ActiveCfg = Release|Any CPU
		{D59B302D-81C6-4C2D-B529-18015DFCD175}.Release|Any CPU.Build.0 = Release|Any CPU
	EndGlobalSection
	GlobalSection(SolutionProperties) = preSolution
		HideSolutionNode = FALSE
	EndGlobalSection
	GlobalSection(ExtensibilityGlobals) = postSolution
		SolutionGuid = {702C4DB4-F46D-4CB8-8C60-31FF3FFE0057}
	EndGlobalSection
EndGlobal
